
Microsoft Visual Studio Solution File, Format Version 12.00
# Visual Studio Version 16
VisualStudioVersion = 16.0.33027.164
MinimumVisualStudioVersion = 10.0.40219.1
Project("{FAE04EC0-301F-11D3-BF4B-00C04F79EFBC}") = "SkillMine_NewSyllabus", "SkillMine_NewSyllabus\SkillMine_NewSyllabus.csproj", "{1C504664-8306-4A4B-B1A4-1FCC2B39866D}"
EndProject
Global
	GlobalSection(SolutionConfigurationPlatforms) = preSolution
		Debug|Any CPU = Debug|Any CPU
		Release|Any CPU = Release|Any CPU
	EndGlobalSection
	GlobalSection(ProjectConfigurationPlatforms) = postSolution
		{1C504664-8306-4A4B-B1A4-1FCC2B39866D}.Debug|Any CPU.ActiveCfg = Debug|Any CPU
		{1C504664-8306-4A4B-B1A4-1FCC2B39866D}.Debug|Any CPU.Build.0 = Debug|Any CPU
		{1C504664-8306-4A4B-B1A4-1FCC2B39866D}.Release|Any CPU.ActiveCfg = Release|Any CPU
		{1C504664-8306-4A4B-B1A4-1FCC2B39866D}.Release|Any CPU.Build.0 = Release|Any CPU
	EndGlobalSection
	GlobalSection(SolutionProperties) = preSolution
		HideSolutionNode = FALSE
	EndGlobalSection
	GlobalSection(ExtensibilityGlobals) = postSolution
		SolutionGuid = {B9D46131-3F5D-454E-8DB3-CE058F6AF4E1}
	EndGlobalSection
EndGlobal
